
Microsoft Visual Studio Solution File, Format Version 12.00
# Visual Studio Version 17
VisualStudioVersion = 17.10.35122.118
MinimumVisualStudioVersion = 10.0.40219.1
Project("{8BC9CEB8-8B4A-11D0-8D11-00A0C91BC942}") = "QUICK_SORT", "QUICK_SORT.vcxproj", "{C4941AE2-036C-4F1D-B9FB-3D9B02905295}"
EndProject
Global
	GlobalSection(SolutionConfigurationPlatforms) = preSolution
		Debug|x64 = Debug|x64
		Debug|x86 = Debug|x86
		Release|x64 = Release|x64
		Release|x86 = Release|x86
	EndGlobalSection
	GlobalSection(ProjectConfigurationPlatforms) = postSolution
		{C4941AE2-036C-4F1D-B9FB-3D9B02905295}.Debug|x64.ActiveCfg = Debug|x64
		{C4941AE2-036C-4F1D-B9FB-3D9B02905295}.Debug|x64.Build.0 = Debug|x64
		{C4941AE2-036C-4F1D-B9FB-3D9B02905295}.Debug|x86.ActiveCfg = Debug|Win32
		{C4941AE2-036C-4F1D-B9FB-3D9B02905295}.Debug|x86.Build.0 = Debug|Win32
		{C4941AE2-036C-4F1D-B9FB-3D9B02905295}.Release|x64.ActiveCfg = Release|x64
		{C4941AE2-036C-4F1D-B9FB-3D9B02905295}.Release|x64.Build.0 = Release|x64
		{C4941AE2-036C-4F1D-B9FB-3D9B02905295}.Release|x86.ActiveCfg = Release|Win32
		{C4941AE2-036C-4F1D-B9FB-3D9B02905295}.Release|x86.Build.0 = Release|Win32
	EndGlobalSection
	GlobalSection(SolutionProperties) = preSolution
		HideSolutionNode = FALSE
	EndGlobalSection
	GlobalSection(ExtensibilityGlobals) = postSolution
		SolutionGuid = {9B4558A8-5665-46AF-B53C-9D298CE32693}
	EndGlobalSection
EndGlobal
